Microsoft Visual Studio Solution File, Format Version 12.00
# Visual Studio Version 17
VisualStudioVersion = 17.5.2.0
MinimumVisualStudioVersion = 10.0.40219.1
Project("{FAE04EC0-301F-11D3-BF4B-00C04F79EFBC}") = "sigma_backend.Tests", "sigma_backend.Tests.csproj", "{8F0CDDBB-BEFD-8F6F-890D-84C0D7E3B406}"
EndProject
Global
	GlobalSection(SolutionConfigurationPlatforms) = preSolution
		Debug|Any CPU = Debug|Any CPU
		Release|Any CPU = Release|Any CPU
	EndGlobalSection
	GlobalSection(ProjectConfigurationPlatforms) = postSolution
		{8F0CDDBB-BEFD-8F6F-890D-84C0D7E3B406}.Debug|Any CPU.ActiveCfg = Debug|Any CPU
		{8F0CDDBB-BEFD-8F6F-890D-84C0D7E3B406}.Debug|Any CPU.Build.0 = Debug|Any CPU
		{8F0CDDBB-BEFD-8F6F-890D-84C0D7E3B406}.Release|Any CPU.ActiveCfg = Release|Any CPU
		{8F0CDDBB-BEFD-8F6F-890D-84C0D7E3B406}.Release|Any CPU.Build.0 = Release|Any CPU
	EndGlobalSection
	GlobalSection(SolutionProperties) = preSolution
		HideSolutionNode = FALSE
	EndGlobalSection
	GlobalSection(ExtensibilityGlobals) = postSolution
		SolutionGuid = {D82D9FAD-05AD-44D2-A3D7-1800493E6410}
	EndGlobalSection
EndGlobal
